
Microsoft Visual Studio Solution File, Format Version 12.00
# Visual Studio Version 17
VisualStudioVersion = 17.14.36202.13
MinimumVisualStudioVersion = 10.0.40219.1
Project("{2150E333-8FDC-42A3-9474-1A3956D46DE8}") = "Client", "Client", "{02EA681E-C7D8-13C7-8484-4AC65E1B71E8}"
	ProjectSection(SolutionItems) = preProject
		Client\index.html = Client\index.html
	EndProjectSection
EndProject
Project("{2150E333-8FDC-42A3-9474-1A3956D46DE8}") = "css", "css", "{22582589-61CB-4C70-85E2-724F75E0A300}"
	ProjectSection(SolutionItems) = preProject
		Client\css\index.css = Client\css\index.css
	EndProjectSection
EndProject
Project("{2150E333-8FDC-42A3-9474-1A3956D46DE8}") = "js", "js", "{768A6F83-A968-4083-830A-37E9E8CD1EC2}"
	ProjectSection(SolutionItems) = preProject
		Client\js\command.js = Client\js\command.js
		Client\js\dataManager.js = Client\js\dataManager.js
		Client\js\drag.js = Client\js\drag.js
		Client\js\index.js = Client\js\index.js
		Client\js\listEdit.js = Client\js\listEdit.js
		Client\js\popup.js = Client\js\popup.js
	EndProjectSection
EndProject
Project("{2150E333-8FDC-42A3-9474-1A3956D46DE8}") = "API", "API", "{8CF811DC-A706-425B-88E4-DDB8AFC68366}"
EndProject
Project("{FAE04EC0-301F-11D3-BF4B-00C04F79EFBC}") = "TierListAPI", "API\TierListAPI\TierListAPI.csproj", "{C236140F-959D-44BE-BAE9-429F8D7881FD}"
EndProject
Project("{FAE04EC0-301F-11D3-BF4B-00C04F79EFBC}") = "TierList.Domain", "API\TierList.Domain\TierList.Domain.csproj", "{A9DB9B3F-D510-57FB-9771-837C4E7C648C}"
EndProject
Project("{FAE04EC0-301F-11D3-BF4B-00C04F79EFBC}") = "TierList.Persistence.Postgres", "API\TierList.Persistence.Postgres\TierList.Persistence.Postgres.csproj", "{544266DC-CC5C-D172-52F5-90A5CF61D820}"
EndProject
Project("{FAE04EC0-301F-11D3-BF4B-00C04F79EFBC}") = "TierList.Application", "API\TierList.Application\TierList.Application.csproj", "{634C9214-4A7D-61D0-E1B3-04D70A877D65}"
EndProject
Project("{2150E333-8FDC-42A3-9474-1A3956D46DE8}") = "Solution Items", "Solution Items", "{8EC462FD-D22E-90A8-E5CE-7E832BA40C5D}"
	ProjectSection(SolutionItems) = preProject
		.editorconfig = .editorconfig
		.env = .env
	EndProjectSection
EndProject
Project("{E53339B2-1760-4266-BCC7-CA923CBCF16C}") = "docker-compose", "docker-compose.dcproj", "{81DDED9D-158B-E303-5F62-77A2896D2A5A}"
EndProject
Project("{FAE04EC0-301F-11D3-BF4B-00C04F79EFBC}") = "TierList.Infrastructure", "API\TierList.Infrastructure\TierList.Infrastructure.csproj", "{07ADA49F-832A-2160-9AB6-38382DD45B0C}"
EndProject
Global
	GlobalSection(SolutionConfigurationPlatforms) = preSolution
		Debug|Any CPU = Debug|Any CPU
		Release|Any CPU = Release|Any CPU
	EndGlobalSection
	GlobalSection(ProjectConfigurationPlatforms) = postSolution
		{C236140F-959D-44BE-BAE9-429F8D7881FD}.Debug|Any CPU.ActiveCfg = Debug|Any CPU
		{C236140F-959D-44BE-BAE9-429F8D7881FD}.Debug|Any CPU.Build.0 = Debug|Any CPU
		{C236140F-959D-44BE-BAE9-429F8D7881FD}.Release|Any CPU.ActiveCfg = Release|Any CPU
		{C236140F-959D-44BE-BAE9-429F8D7881FD}.Release|Any CPU.Build.0 = Release|Any CPU
		{A9DB9B3F-D510-57FB-9771-837C4E7C648C}.Debug|Any CPU.ActiveCfg = Debug|Any CPU
		{A9DB9B3F-D510-57FB-9771-837C4E7C648C}.Debug|Any CPU.Build.0 = Debug|Any CPU
		{A9DB9B3F-D510-57FB-9771-837C4E7C648C}.Release|Any CPU.ActiveCfg = Release|Any CPU
		{A9DB9B3F-D510-57FB-9771-837C4E7C648C}.Release|Any CPU.Build.0 = Release|Any CPU
		{544266DC-CC5C-D172-52F5-90A5CF61D820}.Debug|Any CPU.ActiveCfg = Debug|Any CPU
		{544266DC-CC5C-D172-52F5-90A5CF61D820}.Debug|Any CPU.Build.0 = Debug|Any CPU
		{544266DC-CC5C-D172-52F5-90A5CF61D820}.Release|Any CPU.ActiveCfg = Release|Any CPU
		{544266DC-CC5C-D172-52F5-90A5CF61D820}.Release|Any CPU.Build.0 = Release|Any CPU
		{634C9214-4A7D-61D0-E1B3-04D70A877D65}.Debug|Any CPU.ActiveCfg = Debug|Any CPU
		{634C9214-4A7D-61D0-E1B3-04D70A877D65}.Debug|Any CPU.Build.0 = Debug|Any CPU
		{634C9214-4A7D-61D0-E1B3-04D70A877D65}.Release|Any CPU.ActiveCfg = Release|Any CPU
		{634C9214-4A7D-61D0-E1B3-04D70A877D65}.Release|Any CPU.Build.0 = Release|Any CPU
		{81DDED9D-158B-E303-5F62-77A2896D2A5A}.Debug|Any CPU.ActiveCfg = Debug|Any CPU
		{81DDED9D-158B-E303-5F62-77A2896D2A5A}.Debug|Any CPU.Build.0 = Debug|Any CPU
		{81DDED9D-158B-E303-5F62-77A2896D2A5A}.Release|Any CPU.ActiveCfg = Release|Any CPU
		{81DDED9D-158B-E303-5F62-77A2896D2A5A}.Release|Any CPU.Build.0 = Release|Any CPU
		{07ADA49F-832A-2160-9AB6-38382DD45B0C}.Debug|Any CPU.ActiveCfg = Debug|Any CPU
		{07ADA49F-832A-2160-9AB6-38382DD45B0C}.Debug|Any CPU.Build.0 = Debug|Any CPU
		{07ADA49F-832A-2160-9AB6-38382DD45B0C}.Release|Any CPU.ActiveCfg = Release|Any CPU
		{07ADA49F-832A-2160-9AB6-38382DD45B0C}.Release|Any CPU.Build.0 = Release|Any CPU
	EndGlobalSection
	GlobalSection(SolutionProperties) = preSolution
		HideSolutionNode = FALSE
	EndGlobalSection
	GlobalSection(NestedProjects) = preSolution
		{22582589-61CB-4C70-85E2-724F75E0A300} = {02EA681E-C7D8-13C7-8484-4AC65E1B71E8}
		{768A6F83-A968-4083-830A-37E9E8CD1EC2} = {02EA681E-C7D8-13C7-8484-4AC65E1B71E8}
		{C236140F-959D-44BE-BAE9-429F8D7881FD} = {8CF811DC-A706-425B-88E4-DDB8AFC68366}
		{A9DB9B3F-D510-57FB-9771-837C4E7C648C} = {8CF811DC-A706-425B-88E4-DDB8AFC68366}
		{544266DC-CC5C-D172-52F5-90A5CF61D820} = {8CF811DC-A706-425B-88E4-DDB8AFC68366}
		{634C9214-4A7D-61D0-E1B3-04D70A877D65} = {8CF811DC-A706-425B-88E4-DDB8AFC68366}
		{07ADA49F-832A-2160-9AB6-38382DD45B0C} = {8CF811DC-A706-425B-88E4-DDB8AFC68366}
	EndGlobalSection
	GlobalSection(ExtensibilityGlobals) = postSolution
		SolutionGuid = {D95EB290-A831-4DDD-9891-38CCF8EF760C}
	EndGlobalSection
EndGlobal
